
Microsoft Visual Studio Solution File, Format Version 12.00
# Visual Studio Version 17
VisualStudioVersion = 17.9.34607.119
MinimumVisualStudioVersion = 10.0.40219.1
Project("{FAE04EC0-301F-11D3-BF4B-00C04F79EFBC}") = "DefaultMvcCore8", "DefaultMvcCore8\DefaultMvcCore8.csproj", "{0DA39765-685D-4EEA-A6DE-DE3D591D5C44}"
EndProject
Global
	GlobalSection(SolutionConfigurationPlatforms) = preSolution
		Debug|Any CPU = Debug|Any CPU
		Release|Any CPU = Release|Any CPU
	EndGlobalSection
	GlobalSection(ProjectConfigurationPlatforms) = postSolution
		{0DA39765-685D-4EEA-A6DE-DE3D591D5C44}.Debug|Any CPU.ActiveCfg = Debug|Any CPU
		{0DA39765-685D-4EEA-A6DE-DE3D591D5C44}.Debug|Any CPU.Build.0 = Debug|Any CPU
		{0DA39765-685D-4EEA-A6DE-DE3D591D5C44}.Release|Any CPU.ActiveCfg = Release|Any CPU
		{0DA39765-685D-4EEA-A6DE-DE3D591D5C44}.Release|Any CPU.Build.0 = Release|Any CPU
	EndGlobalSection
	GlobalSection(SolutionProperties) = preSolution
		HideSolutionNode = FALSE
	EndGlobalSection
	GlobalSection(ExtensibilityGlobals) = postSolution
		SolutionGuid = {A42AB77B-E0D7-43B0-986C-14CC41B7A616}
	EndGlobalSection
EndGlobal
